
Microsoft Visual Studio Solution File, Format Version 12.00
# Visual Studio 15
VisualStudioVersion = 15.0.28307.168
MinimumVisualStudioVersion = 10.0.40219.1
Project("{FAE04EC0-301F-11D3-BF4B-00C04F79EFBC}") = "prjAjax", "prjAjax\prjAjax.csproj", "{2ADB64AF-E598-4A1F-999C-B8C73375E570}"
EndProject
Global
	GlobalSection(SolutionConfigurationPlatforms) = preSolution
		Debug|Any CPU = Debug|Any CPU
		Release|Any CPU = Release|Any CPU
	EndGlobalSection
	GlobalSection(ProjectConfigurationPlatforms) = postSolution
		{2ADB64AF-E598-4A1F-999C-B8C73375E570}.Debug|Any CPU.ActiveCfg = Debug|Any CPU
		{2ADB64AF-E598-4A1F-999C-B8C73375E570}.Debug|Any CPU.Build.0 = Debug|Any CPU
		{2ADB64AF-E598-4A1F-999C-B8C73375E570}.Release|Any CPU.ActiveCfg = Release|Any CPU
		{2ADB64AF-E598-4A1F-999C-B8C73375E570}.Release|Any CPU.Build.0 = Release|Any CPU
	EndGlobalSection
	GlobalSection(SolutionProperties) = preSolution
		HideSolutionNode = FALSE
	EndGlobalSection
	GlobalSection(ExtensibilityGlobals) = postSolution
		SolutionGuid = {DAE3C3D5-208F-46F2-BE05-045C2FA85D75}
	EndGlobalSection
EndGlobal
