
Microsoft Visual Studio Solution File, Format Version 12.00
# Visual Studio 15
VisualStudioVersion = 15.0.28307.168
MinimumVisualStudioVersion = 10.0.40219.1
Project("{FAE04EC0-301F-11D3-BF4B-00C04F79EFBC}") = "prjStuWeb", "prjStuWeb\prjStuWeb.csproj", "{546C1989-80AD-4DA4-B1BE-B06C4D7821A7}"
EndProject
Global
	GlobalSection(SolutionConfigurationPlatforms) = preSolution
		Debug|Any CPU = Debug|Any CPU
		Release|Any CPU = Release|Any CPU
	EndGlobalSection
	GlobalSection(ProjectConfigurationPlatforms) = postSolution
		{546C1989-80AD-4DA4-B1BE-B06C4D7821A7}.Debug|Any CPU.ActiveCfg = Debug|Any CPU
		{546C1989-80AD-4DA4-B1BE-B06C4D7821A7}.Debug|Any CPU.Build.0 = Debug|Any CPU
		{546C1989-80AD-4DA4-B1BE-B06C4D7821A7}.Release|Any CPU.ActiveCfg = Release|Any CPU
		{546C1989-80AD-4DA4-B1BE-B06C4D7821A7}.Release|Any CPU.Build.0 = Release|Any CPU
	EndGlobalSection
	GlobalSection(SolutionProperties) = preSolution
		HideSolutionNode = FALSE
	EndGlobalSection
	GlobalSection(ExtensibilityGlobals) = postSolution
		SolutionGuid = {E9E511F7-45AD-4B84-9B87-C47B1346E6DB}
	EndGlobalSection
EndGlobal
