
Microsoft Visual Studio Solution File, Format Version 12.00
# Visual Studio 15
VisualStudioVersion = 15.0.28307.168
MinimumVisualStudioVersion = 10.0.40219.1
Project("{FAE04EC0-301F-11D3-BF4B-00C04F79EFBC}") = "linq", "linq\linq.csproj", "{27A4A469-F7BB-4748-AD9E-1349A6906B95}"
EndProject
Global
	GlobalSection(SolutionConfigurationPlatforms) = preSolution
		Debug|Any CPU = Debug|Any CPU
		Release|Any CPU = Release|Any CPU
	EndGlobalSection
	GlobalSection(ProjectConfigurationPlatforms) = postSolution
		{27A4A469-F7BB-4748-AD9E-1349A6906B95}.Debug|Any CPU.ActiveCfg = Debug|Any CPU
		{27A4A469-F7BB-4748-AD9E-1349A6906B95}.Debug|Any CPU.Build.0 = Debug|Any CPU
		{27A4A469-F7BB-4748-AD9E-1349A6906B95}.Release|Any CPU.ActiveCfg = Release|Any CPU
		{27A4A469-F7BB-4748-AD9E-1349A6906B95}.Release|Any CPU.Build.0 = Release|Any CPU
	EndGlobalSection
	GlobalSection(SolutionProperties) = preSolution
		HideSolutionNode = FALSE
	EndGlobalSection
	GlobalSection(ExtensibilityGlobals) = postSolution
		SolutionGuid = {8A6E767B-2C06-4487-B6EF-40D59F024D0D}
	EndGlobalSection
EndGlobal
